
Microsoft Visual Studio Solution File, Format Version 12.00
# Visual Studio Version 16
VisualStudioVersion = 16.0.29806.167
MinimumVisualStudioVersion = 10.0.40219.1
Project("{6EC3EE1D-3C4E-46DD-8F32-0CC8E7565705}") = "TangentLanguage.Parser", "TangentLanguage.Parser\TangentLanguage.Parser.fsproj", "{A8D7A9F2-79C4-4551-92DF-F16D7B343D84}"
EndProject
Project("{6EC3EE1D-3C4E-46DD-8F32-0CC8E7565705}") = "TangentLanguage.Parser.Test", "TangentLanguage.Parser.Test\TangentLanguage.Parser.Test.fsproj", "{E8C92ACD-930C-408A-81D2-B8F246906E9E}"
EndProject
Global
	GlobalSection(SolutionConfigurationPlatforms) = preSolution
		Debug|Any CPU = Debug|Any CPU
		Release|Any CPU = Release|Any CPU
	EndGlobalSection
	GlobalSection(ProjectConfigurationPlatforms) = postSolution
		{A8D7A9F2-79C4-4551-92DF-F16D7B343D84}.Debug|Any CPU.ActiveCfg = Debug|Any CPU
		{A8D7A9F2-79C4-4551-92DF-F16D7B343D84}.Debug|Any CPU.Build.0 = Debug|Any CPU
		{A8D7A9F2-79C4-4551-92DF-F16D7B343D84}.Release|Any CPU.ActiveCfg = Release|Any CPU
		{A8D7A9F2-79C4-4551-92DF-F16D7B343D84}.Release|Any CPU.Build.0 = Release|Any CPU
		{E8C92ACD-930C-408A-81D2-B8F246906E9E}.Debug|Any CPU.ActiveCfg = Debug|Any CPU
		{E8C92ACD-930C-408A-81D2-B8F246906E9E}.Debug|Any CPU.Build.0 = Debug|Any CPU
		{E8C92ACD-930C-408A-81D2-B8F246906E9E}.Release|Any CPU.ActiveCfg = Release|Any CPU
		{E8C92ACD-930C-408A-81D2-B8F246906E9E}.Release|Any CPU.Build.0 = Release|Any CPU
	EndGlobalSection
	GlobalSection(SolutionProperties) = preSolution
		HideSolutionNode = FALSE
	EndGlobalSection
	GlobalSection(ExtensibilityGlobals) = postSolution
		SolutionGuid = {F63F5F29-4960-44AD-84D2-79D7C293BDF7}
	EndGlobalSection
EndGlobal
